
Microsoft Visual Studio Solution File, Format Version 12.00
# Visual Studio Version 17
VisualStudioVersion = 17.11.35312.102
MinimumVisualStudioVersion = 10.0.40219.1
Project("{FAE04EC0-301F-11D3-BF4B-00C04F79EFBC}") = "IAT_Test", "IAT_Test\IAT_Test.csproj", "{3F7A9148-E131-41C8-B5CA-C5DF1CFAB3A6}"
EndProject
Global
	GlobalSection(SolutionConfigurationPlatforms) = preSolution
		Debug|Any CPU = Debug|Any CPU
		Release|Any CPU = Release|Any CPU
	EndGlobalSection
	GlobalSection(ProjectConfigurationPlatforms) = postSolution
		{3F7A9148-E131-41C8-B5CA-C5DF1CFAB3A6}.Debug|Any CPU.ActiveCfg = Debug|Any CPU
		{3F7A9148-E131-41C8-B5CA-C5DF1CFAB3A6}.Debug|Any CPU.Build.0 = Debug|Any CPU
		{3F7A9148-E131-41C8-B5CA-C5DF1CFAB3A6}.Release|Any CPU.ActiveCfg = Release|Any CPU
		{3F7A9148-E131-41C8-B5CA-C5DF1CFAB3A6}.Release|Any CPU.Build.0 = Release|Any CPU
	EndGlobalSection
	GlobalSection(SolutionProperties) = preSolution
		HideSolutionNode = FALSE
	EndGlobalSection
	GlobalSection(ExtensibilityGlobals) = postSolution
		SolutionGuid = {FA4933DF-6D78-48C3-9186-A3A1F19F4A18}
	EndGlobalSection
EndGlobal
